// !$*UTF8*$!
{
	archiveVersion = 1;
	classes = {
	};
	objectVersion = 55;
	objects = {

/* Begin PBXBuildFile section */
		043726FC284E181F007EE737 /* AppDelegate.swift in Sources */ = {isa = PBXBuildFile; fileRef = 043726FB284E181F007EE737 /* AppDelegate.swift */; };
		04372700284E181F007EE737 /* MediaViewController.swift in Sources */ = {isa = PBXBuildFile; fileRef = 043726FF284E181F007EE737 /* MediaViewController.swift */; };
		04372705284E1820007EE737 /* Assets.xcassets in Resources */ = {isa = PBXBuildFile; fileRef = 04372704284E1820007EE737 /* Assets.xcassets */; };
		0437271D284E19D4007EE737 /* SearchViewController.swift in Sources */ = {isa = PBXBuildFile; fileRef = 0437271A284E19D4007EE737 /* SearchViewController.swift */; };
		0437271E284E19D4007EE737 /* SelectionViewController.swift in Sources */ = {isa = PBXBuildFile; fileRef = 0437271B284E19D4007EE737 /* SelectionViewController.swift */; };
		0437271F284E19D4007EE737 /* AlbumsViewController.swift in Sources */ = {isa = PBXBuildFile; fileRef = 0437271C284E19D4007EE737 /* AlbumsViewController.swift */; };
		04B69F96284F2AEA0041A012 /* Item.swift in Sources */ = {isa = PBXBuildFile; fileRef = 04B69F95284F2AEA0041A012 /* Item.swift */; };
		04B69F9B284F2AFA0041A012 /* Formatter+Extensions.swift in Sources */ = {isa = PBXBuildFile; fileRef = 04B69F98284F2AFA0041A012 /* Formatter+Extensions.swift */; };
		04B69F9C284F2AFA0041A012 /* UIView+Constraints.swift in Sources */ = {isa = PBXBuildFile; fileRef = 04B69F99284F2AFA0041A012 /* UIView+Constraints.swift */; };
		04B69F9D284F2AFA0041A012 /* UInt+Extensions.swift.swift in Sources */ = {isa = PBXBuildFile; fileRef = 04B69F9A284F2AFA0041A012 /* UInt+Extensions.swift.swift */; };
/* End PBXBuildFile section */

/* Begin PBXFileReference section */
		043726F8284E181F007EE737 /* HW13_PhotoScreen.app */ = {isa = PBXFileReference; explicitFileType = wrapper.application; includeInIndex = 0; path = HW13_PhotoScreen.app; sourceTree = BUILT_PRODUCTS_DIR; };
		043726FB284E181F007EE737 /* AppDelegate.swift */ = {isa = PBXFileReference; lastKnownFileType = sourcecode.swift; path = AppDelegate.swift; sourceTree = "<group>"; };
		043726FF284E181F007EE737 /* MediaViewController.swift */ = {isa = PBXFileReference; lastKnownFileType = sourcecode.swift; path = MediaViewController.swift; sourceTree = "<group>"; };
		04372704284E1820007EE737 /* Assets.xcassets */ = {isa = PBXFileReference; lastKnownFileType = folder.assetcatalog; path = Assets.xcassets; sourceTree = "<group>"; };
		04372709284E1820007EE737 /* Info.plist */ = {isa = PBXFileReference; lastKnownFileType = text.plist.xml; path = Info.plist; sourceTree = "<group>"; };
		0437271A284E19D4007EE737 /* SearchViewController.swift */ = {isa = PBXFileReference; fileEncoding = 4; lastKnownFileType = sourcecode.swift; path = SearchViewController.swift; sourceTree = "<group>"; };
		0437271B284E19D4007EE737 /* SelectionViewController.swift */ = {isa = PBXFileReference; fileEncoding = 4; lastKnownFileType = sourcecode.swift; path = SelectionViewController.swift; sourceTree = "<group>"; };
		0437271C284E19D4007EE737 /* AlbumsViewController.swift */ = {isa = PBXFileReference; fileEncoding = 4; lastKnownFileType = sourcecode.swift; path = AlbumsViewController.swift; sourceTree = "<group>"; };
		04B69F95284F2AEA0041A012 /* Item.swift */ = {isa = PBXFileReference; fileEncoding = 4; lastKnownFileType = sourcecode.swift; name = Item.swift; path = ../Item.swift; sourceTree = "<group>"; };
		04B69F98284F2AFA0041A012 /* Formatter+Extensions.swift */ = {isa = PBXFileReference; fileEncoding = 4; lastKnownFileType = sourcecode.swift; path = "Formatter+Extensions.swift"; sourceTree = "<group>"; };
		04B69F99284F2AFA0041A012 /* UIView+Constraints.swift */ = {isa = PBXFileReference; fileEncoding = 4; lastKnownFileType = sourcecode.swift; path = "UIView+Constraints.swift"; sourceTree = "<group>"; };
		04B69F9A284F2AFA0041A012 /* UInt+Extensions.swift.swift */ = {isa = PBXFileReference; fileEncoding = 4; lastKnownFileType = sourcecode.swift; path = "UInt+Extensions.swift.swift"; sourceTree = "<group>"; };
/* End PBXFileReference section */

/* Begin PBXFrameworksBuildPhase section */
		043726F5284E181F007EE737 /* Frameworks */ = {
			isa = PBXFrameworksBuildPhase;
			buildActionMask = 2147483647;
			files = (
			);
			runOnlyForDeploymentPostprocessing = 0;
		};
/* End PBXFrameworksBuildPhase section */

/* Begin PBXGroup section */
		043726EF284E181F007EE737 = {
			isa = PBXGroup;
			children = (
				043726FA284E181F007EE737 /* HW13_PhotoScreen */,
				043726F9284E181F007EE737 /* Products */,
			);
			sourceTree = "<group>";
		};
		043726F9284E181F007EE737 /* Products */ = {
			isa = PBXGroup;
			children = (
				043726F8284E181F007EE737 /* HW13_PhotoScreen.app */,
			);
			name = Products;
			sourceTree = "<group>";
		};
		043726FA284E181F007EE737 /* HW13_PhotoScreen */ = {
			isa = PBXGroup;
			children = (
				04B69F97284F2AFA0041A012 /* Extensions */,
				04B69F94284F2AE10041A012 /* Models */,
				0437270F284E18CA007EE737 /* Application */,
				04372710284E18E4007EE737 /* Controlers */,
				04372719284E1901007EE737 /* Supporting Files */,
			);
			path = HW13_PhotoScreen;
			sourceTree = "<group>";
		};
		0437270F284E18CA007EE737 /* Application */ = {
			isa = PBXGroup;
			children = (
				043726FB284E181F007EE737 /* AppDelegate.swift */,
			);
			path = Application;
			sourceTree = "<group>";
		};
		04372710284E18E4007EE737 /* Controlers */ = {
			isa = PBXGroup;
			children = (
				043726FF284E181F007EE737 /* MediaViewController.swift */,
				0437271B284E19D4007EE737 /* SelectionViewController.swift */,
				0437271C284E19D4007EE737 /* AlbumsViewController.swift */,
				0437271A284E19D4007EE737 /* SearchViewController.swift */,
			);
			path = Controlers;
			sourceTree = "<group>";
		};
		04372719284E1901007EE737 /* Supporting Files */ = {
			isa = PBXGroup;
			children = (
				04372704284E1820007EE737 /* Assets.xcassets */,
				04372709284E1820007EE737 /* Info.plist */,
			);
			path = "Supporting Files";
			sourceTree = "<group>";
		};
		04B69F94284F2AE10041A012 /* Models */ = {
			isa = PBXGroup;
			children = (
				04B69F95284F2AEA0041A012 /* Item.swift */,
			);
			name = Models;
			path = "../../HW13_PhotoScreen — копия/HW13_PhotoScreen/Models";
			sourceTree = "<group>";
		};
		04B69F97284F2AFA0041A012 /* Extensions */ = {
			isa = PBXGroup;
			children = (
				04B69F98284F2AFA0041A012 /* Formatter+Extensions.swift */,
				04B69F99284F2AFA0041A012 /* UIView+Constraints.swift */,
				04B69F9A284F2AFA0041A012 /* UInt+Extensions.swift.swift */,
			);
			path = Extensions;
			sourceTree = "<group>";
		};
/* End PBXGroup section */

/* Begin PBXNativeTarget section */
		043726F7284E181F007EE737 /* HW13_PhotoScreen */ = {
			isa = PBXNativeTarget;
			buildConfigurationList = 0437270C284E1820007EE737 /* Build configuration list for PBXNativeTarget "HW13_PhotoScreen" */;
			buildPhases = (
				043726F4284E181F007EE737 /* Sources */,
				043726F5284E181F007EE737 /* Frameworks */,
				043726F6284E181F007EE737 /* Resources */,
			);
			buildRules = (
			);
			dependencies = (
			);
			name = HW13_PhotoScreen;
			productName = HW13_PhotoScreen;
			productReference = 043726F8284E181F007EE737 /* HW13_PhotoScreen.app */;
			productType = "com.apple.product-type.application";
		};
/* End PBXNativeTarget section */

/* Begin PBXProject section */
		043726F0284E181F007EE737 /* Project object */ = {
			isa = PBXProject;
			attributes = {
				BuildIndependentTargetsInParallel = 1;
				LastSwiftUpdateCheck = 1340;
				LastUpgradeCheck = 1340;
				TargetAttributes = {
					043726F7284E181F007EE737 = {
						CreatedOnToolsVersion = 13.4;
					};
				};
			};
			buildConfigurationList = 043726F3284E181F007EE737 /* Build configuration list for PBXProject "HW13_PhotoScreen" */;
			compatibilityVersion = "Xcode 13.0";
			developmentRegion = en;
			hasScannedForEncodings = 0;
			knownRegions = (
				en,
				Base,
			);
			mainGroup = 043726EF284E181F007EE737;
			productRefGroup = 043726F9284E181F007EE737 /* Products */;
			projectDirPath = "";
			projectRoot = "";
			targets = (
				043726F7284E181F007EE737 /* HW13_PhotoScreen */,
			);
		};
/* End PBXProject section */

/* Begin PBXResourcesBuildPhase section */
		043726F6284E181F007EE737 /* Resources */ = {
			isa = PBXResourcesBuildPhase;
			buildActionMask = 2147483647;
			files = (
				04372705284E1820007EE737 /* Assets.xcassets in Resources */,
			);
			runOnlyForDeploymentPostprocessing = 0;
		};
/* End PBXResourcesBuildPhase section */

/* Begin PBXSourcesBuildPhase section */
		043726F4284E181F007EE737 /* Sources */ = {
			isa = PBXSourcesBuildPhase;
			buildActionMask = 2147483647;
			files = (
				0437271D284E19D4007EE737 /* SearchViewController.swift in Sources */,
				0437271E284E19D4007EE737 /* SelectionViewController.swift in Sources */,
				04372700284E181F007EE737 /* MediaViewController.swift in Sources */,
				043726FC284E181F007EE737 /* AppDelegate.swift in Sources */,
				04B69F9B284F2AFA0041A012 /* Formatter+Extensions.swift in Sources */,
				04B69F96284F2AEA0041A012 /* Item.swift in Sources */,
				0437271F284E19D4007EE737 /* AlbumsViewController.swift in Sources */,
				04B69F9D284F2AFA0041A012 /* UInt+Extensions.swift.swift in Sources */,
				04B69F9C284F2AFA0041A012 /* UIView+Constraints.swift in Sources */,
			);
			runOnlyForDeploymentPostprocessing = 0;
		};
/* End PBXSourcesBuildPhase section */

/* Begin XCBuildConfiguration section */
		0437270A284E1820007EE737 /* Debug */ = {
			isa = XCBuildConfiguration;
			buildSettings = {
				ALWAYS_SEARCH_USER_PATHS = NO;
				CLANG_ANALYZER_NONNULL = YES;
				CLANG_ANALYZER_NUMBER_OBJECT_CONVERSION = YES_AGGRESSIVE;
				CLANG_CXX_LANGUAGE_STANDARD = "gnu++17";
				CLANG_ENABLE_MODULES = YES;
				CLANG_ENABLE_OBJC_ARC = YES;
				CLANG_ENABLE_OBJC_WEAK = YES;
				CLANG_WARN_BLOCK_CAPTURE_AUTORELEASING = YES;
				CLANG_WARN_BOOL_CONVERSION = YES;
				CLANG_WARN_COMMA = YES;
				CLANG_WARN_CONSTANT_CONVERSION = YES;
				CLANG_WARN_DEPRECATED_OBJC_IMPLEMENTATIONS = YES;
				CLANG_WARN_DIRECT_OBJC_ISA_USAGE = YES_ERROR;
				CLANG_WARN_DOCUMENTATION_COMMENTS = YES;
				CLANG_WARN_EMPTY_BODY = YES;
				CLANG_WARN_ENUM_CONVERSION = YES;
				CLANG_WARN_INFINITE_RECURSION = YES;
				CLANG_WARN_INT_CONVERSION = YES;
				CLANG_WARN_NON_LITERAL_NULL_CONVERSION = YES;
				CLANG_WARN_OBJC_IMPLICIT_RETAIN_SELF = YES;
				CLANG_WARN_OBJC_LITERAL_CONVERSION = YES;
				CLANG_WARN_OBJC_ROOT_CLASS = YES_ERROR;
				CLANG_WARN_QUOTED_INCLUDE_IN_FRAMEWORK_HEADER = YES;
				CLANG_WARN_RANGE_LOOP_ANALYSIS = YES;
				CLANG_WARN_STRICT_PROTOTYPES = YES;
				CLANG_WARN_SUSPICIOUS_MOVE = YES;
				CLANG_WARN_UNGUARDED_AVAILABILITY = YES_AGGRESSIVE;
				CLANG_WARN_UNREACHABLE_CODE = YES;
				CLANG_WARN__DUPLICATE_METHOD_MATCH = YES;
				COPY_PHASE_STRIP = NO;
				DEBUG_INFORMATION_FORMAT = dwarf;
				ENABLE_STRICT_OBJC_MSGSEND = YES;
				ENABLE_TESTABILITY = YES;
				GCC_C_LANGUAGE_STANDARD = gnu11;
				GCC_DYNAMIC_NO_PIC = NO;
				GCC_NO_COMMON_BLOCKS = YES;
				GCC_OPTIMIZATION_LEVEL = 0;
				GCC_PREPROCESSOR_DEFINITIONS = (
					"DEBUG=1",
					"$(inherited)",
				);
				GCC_WARN_64_TO_32_BIT_CONVERSION = YES;
				GCC_WARN_ABOUT_RETURN_TYPE = YES_ERROR;
				GCC_WARN_UNDECLARED_SELECTOR = YES;
				GCC_WARN_UNINITIALIZED_AUTOS = YES_AGGRESSIVE;
				GCC_WARN_UNUSED_FUNCTION = YES;
				GCC_WARN_UNUSED_VARIABLE = YES;
				IPHONEOS_DEPLOYMENT_TARGET = 15.5;
				MTL_ENABLE_DEBUG_INFO = INCLUDE_SOURCE;
				MTL_FAST_MATH = YES;
				ONLY_ACTIVE_ARCH = YES;
				SDKROOT = iphoneos;
				SWIFT_ACTIVE_COMPILATION_CONDITIONS = DEBUG;
				SWIFT_OPTIMIZATION_LEVEL = "-Onone";
			};
			name = Debug;
		};
		0437270B284E1820007EE737 /* Release */ = {
			isa = XCBuildConfiguration;
			buildSettings = {
				ALWAYS_SEARCH_USER_PATHS = NO;
				CLANG_ANALYZER_NONNULL = YES;
				CLANG_ANALYZER_NUMBER_OBJECT_CONVERSION = YES_AGGRESSIVE;
				CLANG_CXX_LANGUAGE_STANDARD = "gnu++17";
				CLANG_ENABLE_MODULES = YES;
				CLANG_ENABLE_OBJC_ARC = YES;
				CLANG_ENABLE_OBJC_WEAK = YES;
				CLANG_WARN_BLOCK_CAPTURE_AUTORELEASING = YES;
				CLANG_WARN_BOOL_CONVERSION = YES;
				CLANG_WARN_COMMA = YES;
				CLANG_WARN_CONSTANT_CONVERSION = YES;
				CLANG_WARN_DEPRECATED_OBJC_IMPLEMENTATIONS = YES;
				CLANG_WARN_DIRECT_OBJC_ISA_USAGE = YES_ERROR;
				CLANG_WARN_DOCUMENTATION_COMMENTS = YES;
				CLANG_WARN_EMPTY_BODY = YES;
				CLANG_WARN_ENUM_CONVERSION = YES;
				CLANG_WARN_INFINITE_RECURSION = YES;
				CLANG_WARN_INT_CONVERSION = YES;
				CLANG_WARN_NON_LITERAL_NULL_CONVERSION = YES;
				CLANG_WARN_OBJC_IMPLICIT_RETAIN_SELF = YES;
				CLANG_WARN_OBJC_LITERAL_CONVERSION = YES;
				CLANG_WARN_OBJC_ROOT_CLASS = YES_ERROR;
				CLANG_WARN_QUOTED_INCLUDE_IN_FRAMEWORK_HEADER = YES;
				CLANG_WARN_RANGE_LOOP_ANALYSIS = YES;
				CLANG_WARN_STRICT_PROTOTYPES = YES;
				CLANG_WARN_SUSPICIOUS_MOVE = YES;
				CLANG_WARN_UNGUARDED_AVAILABILITY = YES_AGGRESSIVE;
				CLANG_WARN_UNREACHABLE_CODE = YES;
				CLANG_WARN__DUPLICATE_METHOD_MATCH = YES;
				COPY_PHASE_STRIP = NO;
				DEBUG_INFORMATION_FORMAT = "dwarf-with-dsym";
				ENABLE_NS_ASSERTIONS = NO;
				ENABLE_STRICT_OBJC_MSGSEND = YES;
				GCC_C_LANGUAGE_STANDARD = gnu11;
				GCC_NO_COMMON_BLOCKS = YES;
				GCC_WARN_64_TO_32_BIT_CONVERSION = YES;
				GCC_WARN_ABOUT_RETURN_TYPE = YES_ERROR;
				GCC_WARN_UNDECLARED_SELECTOR = YES;
				GCC_WARN_UNINITIALIZED_AUTOS = YES_AGGRESSIVE;
				GCC_WARN_UNUSED_FUNCTION = YES;
				GCC_WARN_UNUSED_VARIABLE = YES;
				IPHONEOS_DEPLOYMENT_TARGET = 15.5;
				MTL_ENABLE_DEBUG_INFO = NO;
				MTL_FAST_MATH = YES;
				SDKROOT = iphoneos;
				SWIFT_COMPILATION_MODE = wholemodule;
				SWIFT_OPTIMIZATION_LEVEL = "-O";
				VALIDATE_PRODUCT = YES;
			};
			name = Release;
		};
		0437270D284E1820007EE737 /* Debug */ = {
			isa = XCBuildConfiguration;
			buildSettings = {
				ASSETCATALOG_COMPILER_APPICON_NAME = AppIcon;
				ASSETCATALOG_COMPILER_GLOBAL_ACCENT_COLOR_NAME = AccentColor;
				CODE_SIGN_STYLE = Automatic;
				CURRENT_PROJECT_VERSION = 1;
				GENERATE_INFOPLIST_FILE = YES;
				INFOPLIST_FILE = "HW13_PhotoScreen/Supporting Files/Info.plist";
				INFOPLIST_KEY_UIApplicationSupportsIndirectInputEvents = YES;
				INFOPLIST_KEY_UILaunchStoryboardName = ViewController;
				INFOPLIST_KEY_UISupportedInterfaceOrientations = UIInterfaceOrientationPortrait;
				INFOPLIST_KEY_UISupportedInterfaceOrientations_iPad = "UIInterfaceOrientationPortrait UIInterfaceOrientationPortraitUpsideDown UIInterfaceOrientationLandscapeLeft UIInterfaceOrientationLandscapeRight";
				INFOPLIST_KEY_UISupportedInterfaceOrientations_iPhone = "UIInterfaceOrientationPortrait UIInterfaceOrientationLandscapeLeft UIInterfaceOrientationLandscapeRight";
				LD_RUNPATH_SEARCH_PATHS = (
					"$(inherited)",
					"@executable_path/Frameworks",
				);
				MARKETING_VERSION = 1.0;
				PRODUCT_BUNDLE_IDENTIFIER = "com.my.HW13-PhotoScreen";
				PRODUCT_NAME = "$(TARGET_NAME)";
				SWIFT_EMIT_LOC_STRINGS = YES;
				SWIFT_VERSION = 5.0;
				TARGETED_DEVICE_FAMILY = 1;
			};
			name = Debug;
		};
		0437270E284E1820007EE737 /* Release */ = {
			isa = XCBuildConfiguration;
			buildSettings = {
				ASSETCATALOG_COMPILER_APPICON_NAME = AppIcon;
				ASSETCATALOG_COMPILER_GLOBAL_ACCENT_COLOR_NAME = AccentColor;
				CODE_SIGN_STYLE = Automatic;
				CURRENT_PROJECT_VERSION = 1;
				GENERATE_INFOPLIST_FILE = YES;
				INFOPLIST_FILE = "HW13_PhotoScreen/Supporting Files/Info.plist";
				INFOPLIST_KEY_UIApplicationSupportsIndirectInputEvents = YES;
				INFOPLIST_KEY_UILaunchStoryboardName = ViewController;
				INFOPLIST_KEY_UISupportedInterfaceOrientations = UIInterfaceOrientationPortrait;
				INFOPLIST_KEY_UISupportedInterfaceOrientations_iPad = "UIInterfaceOrientationPortrait UIInterfaceOrientationPortraitUpsideDown UIInterfaceOrientationLandscapeLeft UIInterfaceOrientationLandscapeRight";
				INFOPLIST_KEY_UISupportedInterfaceOrientations_iPhone = "UIInterfaceOrientationPortrait UIInterfaceOrientationLandscapeLeft UIInterfaceOrientationLandscapeRight";
				LD_RUNPATH_SEARCH_PATHS = (
					"$(inherited)",
					"@executable_path/Frameworks",
				);
				MARKETING_VERSION = 1.0;
				PRODUCT_BUNDLE_IDENTIFIER = "com.my.HW13-PhotoScreen";
				PRODUCT_NAME = "$(TARGET_NAME)";
				SWIFT_EMIT_LOC_STRINGS = YES;
				SWIFT_VERSION = 5.0;
				TARGETED_DEVICE_FAMILY = 1;
			};
			name = Release;
		};
/* End XCBuildConfiguration section */

/* Begin XCConfigurationList section */
		043726F3284E181F007EE737 /* Build configuration list for PBXProject "HW13_PhotoScreen" */ = {
			isa = XCConfigurationList;
			buildConfigurations = (
				0437270A284E1820007EE737 /* Debug */,
				0437270B284E1820007EE737 /* Release */,
			);
			defaultConfigurationIsVisible = 0;
			defaultConfigurationName = Release;
		};
		0437270C284E1820007EE737 /* Build configuration list for PBXNativeTarget "HW13_PhotoScreen" */ = {
			isa = XCConfigurationList;
			buildConfigurations = (
				0437270D284E1820007EE737 /* Debug */,
				0437270E284E1820007EE737 /* Release */,
			);
			defaultConfigurationIsVisible = 0;
			defaultConfigurationName = Release;
		};
/* End XCConfigurationList section */
	};
	rootObject = 043726F0284E181F007EE737 /* Project object */;
}
